// !$*UTF8*$!
{
	archiveVersion = 1;
	classes = {
	};
	objectVersion = 46;
	objects = {

/* Begin PBXBuildFile section */
		71BEB4731C37CC6100A56A92 /* AppKit.framework in Frameworks */ = {isa = PBXBuildFile; fileRef = 71BEB4721C37CC6100A56A92 /* AppKit.framework */; };
		71BEB4751C37CC6100A56A92 /* Foundation.framework in Frameworks */ = {isa = PBXBuildFile; fileRef = 71BEB4741C37CC6100A56A92 /* Foundation.framework */; };
		71BEB4791C37CC6100A56A92 /* tteststts.xcscheme in Resources */ = {isa = PBXBuildFile; fileRef = 71BEB4781C37CC6100A56A92 /* tteststts.xcscheme */; };
		71BEB47C1C37CC6100A56A92 /* tteststts.m in Sources */ = {isa = PBXBuildFile; fileRef = 71BEB47B1C37CC6100A56A92 /* tteststts.m */; };
		71BEB47F1C37CC6100A56A92 /* NSObject_Extension.m in Sources */ = {isa = PBXBuildFile; fileRef = 71BEB47E1C37CC6100A56A92 /* NSObject_Extension.m */; };
/* End PBXBuildFile section */

/* Begin PBXFileReference section */
		71BEB46F1C37CC6100A56A92 /* tteststts.xcplugin */ = {isa = PBXFileReference; explicitFileType = wrapper.cfbundle; includeInIndex = 0; path = tteststts.xcplugin; sourceTree = BUILT_PRODUCTS_DIR; };
		71BEB4721C37CC6100A56A92 /* AppKit.framework */ = {isa = PBXFileReference; lastKnownFileType = wrapper.framework; name = AppKit.framework; path = /System/Library/Frameworks/AppKit.framework; sourceTree = "<absolute>"; };
		71BEB4741C37CC6100A56A92 /* Foundation.framework */ = {isa = PBXFileReference; lastKnownFileType = wrapper.framework; name = Foundation.framework; path = /System/Library/Frameworks/Foundation.framework; sourceTree = "<absolute>"; };
		71BEB4781C37CC6100A56A92 /* tteststts.xcscheme */ = {isa = PBXFileReference; lastKnownFileType = text.xml; name = tteststts.xcscheme; path = tteststts.xcodeproj/xcshareddata/xcschemes/tteststts.xcscheme; sourceTree = SOURCE_ROOT; };
		71BEB47A1C37CC6100A56A92 /* tteststts.h */ = {isa = PBXFileReference; lastKnownFileType = sourcecode.c.h; path = tteststts.h; sourceTree = "<group>"; };
		71BEB47B1C37CC6100A56A92 /* tteststts.m */ = {isa = PBXFileReference; lastKnownFileType = sourcecode.c.objc; path = tteststts.m; sourceTree = "<group>"; };
		71BEB47D1C37CC6100A56A92 /* NSObject_Extension.h */ = {isa = PBXFileReference; lastKnownFileType = sourcecode.c.h; path = NSObject_Extension.h; sourceTree = "<group>"; };
		71BEB47E1C37CC6100A56A92 /* NSObject_Extension.m */ = {isa = PBXFileReference; lastKnownFileType = sourcecode.c.objc; path = NSObject_Extension.m; sourceTree = "<group>"; };
		71BEB4801C37CC6100A56A92 /* Info.plist */ = {isa = PBXFileReference; lastKnownFileType = text.plist.xml; path = Info.plist; sourceTree = "<group>"; };
/* End PBXFileReference section */

/* Begin PBXFrameworksBuildPhase section */
		71BEB46D1C37CC6100A56A92 /* Frameworks */ = {
			isa = PBXFrameworksBuildPhase;
			buildActionMask = 2147483647;
			files = (
				71BEB4731C37CC6100A56A92 /* AppKit.framework in Frameworks */,
				71BEB4751C37CC6100A56A92 /* Foundation.framework in Frameworks */,
			);
			runOnlyForDeploymentPostprocessing = 0;
		};
/* End PBXFrameworksBuildPhase section */

/* Begin PBXGroup section */
		71BEB4661C37CC6100A56A92 = {
			isa = PBXGroup;
			children = (
				71BEB4761C37CC6100A56A92 /* tteststts */,
				71BEB4711C37CC6100A56A92 /* Frameworks */,
				71BEB4701C37CC6100A56A92 /* Products */,
			);
			sourceTree = "<group>";
		};
		71BEB4701C37CC6100A56A92 /* Products */ = {
			isa = PBXGroup;
			children = (
				71BEB46F1C37CC6100A56A92 /* tteststts.xcplugin */,
			);
			name = Products;
			sourceTree = "<group>";
		};
		71BEB4711C37CC6100A56A92 /* Frameworks */ = {
			isa = PBXGroup;
			children = (
				71BEB4721C37CC6100A56A92 /* AppKit.framework */,
				71BEB4741C37CC6100A56A92 /* Foundation.framework */,
			);
			name = Frameworks;
			sourceTree = "<group>";
		};
		71BEB4761C37CC6100A56A92 /* tteststts */ = {
			isa = PBXGroup;
			children = (
				71BEB47A1C37CC6100A56A92 /* tteststts.h */,
				71BEB47B1C37CC6100A56A92 /* tteststts.m */,
				71BEB47D1C37CC6100A56A92 /* NSObject_Extension.h */,
				71BEB47E1C37CC6100A56A92 /* NSObject_Extension.m */,
				71BEB4801C37CC6100A56A92 /* Info.plist */,
				71BEB4771C37CC6100A56A92 /* Supporting Files */,
			);
			path = tteststts;
			sourceTree = "<group>";
		};
		71BEB4771C37CC6100A56A92 /* Supporting Files */ = {
			isa = PBXGroup;
			children = (
				71BEB4781C37CC6100A56A92 /* tteststts.xcscheme */,
			);
			name = "Supporting Files";
			sourceTree = "<group>";
		};
/* End PBXGroup section */

/* Begin PBXNativeTarget section */
		71BEB46E1C37CC6100A56A92 /* tteststts */ = {
			isa = PBXNativeTarget;
			buildConfigurationList = 71BEB4831C37CC6100A56A92 /* Build configuration list for PBXNativeTarget "tteststts" */;
			buildPhases = (
				71BEB46B1C37CC6100A56A92 /* Sources */,
				71BEB46C1C37CC6100A56A92 /* Resources */,
				71BEB46D1C37CC6100A56A92 /* Frameworks */,
			);
			buildRules = (
			);
			dependencies = (
			);
			name = tteststts;
			productName = tteststts;
			productReference = 71BEB46F1C37CC6100A56A92 /* tteststts.xcplugin */;
			productType = "com.apple.product-type.bundle";
		};
/* End PBXNativeTarget section */

/* Begin PBXProject section */
		71BEB4671C37CC6100A56A92 /* Project object */ = {
			isa = PBXProject;
			attributes = {
				LastUpgradeCheck = 0710;
				ORGANIZATIONNAME = Ray;
				TargetAttributes = {
					71BEB46E1C37CC6100A56A92 = {
						CreatedOnToolsVersion = 7.1;
					};
				};
			};
			buildConfigurationList = 71BEB46A1C37CC6100A56A92 /* Build configuration list for PBXProject "tteststts" */;
			compatibilityVersion = "Xcode 3.2";
			developmentRegion = English;
			hasScannedForEncodings = 0;
			knownRegions = (
				en,
			);
			mainGroup = 71BEB4661C37CC6100A56A92;
			productRefGroup = 71BEB4701C37CC6100A56A92 /* Products */;
			projectDirPath = "";
			projectRoot = "";
			targets = (
				71BEB46E1C37CC6100A56A92 /* tteststts */,
			);
		};
/* End PBXProject section */

/* Begin PBXResourcesBuildPhase section */
		71BEB46C1C37CC6100A56A92 /* Resources */ = {
			isa = PBXResourcesBuildPhase;
			buildActionMask = 2147483647;
			files = (
				71BEB4791C37CC6100A56A92 /* tteststts.xcscheme in Resources */,
			);
			runOnlyForDeploymentPostprocessing = 0;
		};
/* End PBXResourcesBuildPhase section */

/* Begin PBXSourcesBuildPhase section */
		71BEB46B1C37CC6100A56A92 /* Sources */ = {
			isa = PBXSourcesBuildPhase;
			buildActionMask = 2147483647;
			files = (
				71BEB47C1C37CC6100A56A92 /* tteststts.m in Sources */,
				71BEB47F1C37CC6100A56A92 /* NSObject_Extension.m in Sources */,
			);
			runOnlyForDeploymentPostprocessing = 0;
		};
/* End PBXSourcesBuildPhase section */

/* Begin XCBuildConfiguration section */
		71BEB4811C37CC6100A56A92 /* Debug */ = {
			isa = XCBuildConfiguration;
			buildSettings = {
				ALWAYS_SEARCH_USER_PATHS = NO;
				CLANG_CXX_LANGUAGE_STANDARD = "gnu++0x";
				CLANG_CXX_LIBRARY = "libc++";
				CLANG_ENABLE_MODULES = YES;
				CLANG_ENABLE_OBJC_ARC = YES;
				CLANG_WARN_BOOL_CONVERSION = YES;
				CLANG_WARN_CONSTANT_CONVERSION = YES;
				CLANG_WARN_DIRECT_OBJC_ISA_USAGE = YES_ERROR;
				CLANG_WARN_EMPTY_BODY = YES;
				CLANG_WARN_ENUM_CONVERSION = YES;
				CLANG_WARN_INT_CONVERSION = YES;
				CLANG_WARN_OBJC_ROOT_CLASS = YES_ERROR;
				CLANG_WARN_UNREACHABLE_CODE = YES;
				CLANG_WARN__DUPLICATE_METHOD_MATCH = YES;
				COPY_PHASE_STRIP = NO;
				DEBUG_INFORMATION_FORMAT = dwarf;
				ENABLE_STRICT_OBJC_MSGSEND = YES;
				ENABLE_TESTABILITY = YES;
				GCC_C_LANGUAGE_STANDARD = gnu99;
				GCC_DYNAMIC_NO_PIC = NO;
				GCC_NO_COMMON_BLOCKS = YES;
				GCC_OPTIMIZATION_LEVEL = 0;
				GCC_PREPROCESSOR_DEFINITIONS = (
					"DEBUG=1",
					"$(inherited)",
				);
				GCC_WARN_64_TO_32_BIT_CONVERSION = YES;
				GCC_WARN_ABOUT_RETURN_TYPE = YES_ERROR;
				GCC_WARN_UNDECLARED_SELECTOR = YES;
				GCC_WARN_UNINITIALIZED_AUTOS = YES_AGGRESSIVE;
				GCC_WARN_UNUSED_FUNCTION = YES;
				GCC_WARN_UNUSED_VARIABLE = YES;
				MTL_ENABLE_DEBUG_INFO = YES;
				ONLY_ACTIVE_ARCH = YES;
			};
			name = Debug;
		};
		71BEB4821C37CC6100A56A92 /* Release */ = {
			isa = XCBuildConfiguration;
			buildSettings = {
				ALWAYS_SEARCH_USER_PATHS = NO;
				CLANG_CXX_LANGUAGE_STANDARD = "gnu++0x";
				CLANG_CXX_LIBRARY = "libc++";
				CLANG_ENABLE_MODULES = YES;
				CLANG_ENABLE_OBJC_ARC = YES;
				CLANG_WARN_BOOL_CONVERSION = YES;
				CLANG_WARN_CONSTANT_CONVERSION = YES;
				CLANG_WARN_DIRECT_OBJC_ISA_USAGE = YES_ERROR;
				CLANG_WARN_EMPTY_BODY = YES;
				CLANG_WARN_ENUM_CONVERSION = YES;
				CLANG_WARN_INT_CONVERSION = YES;
				CLANG_WARN_OBJC_ROOT_CLASS = YES_ERROR;
				CLANG_WARN_UNREACHABLE_CODE = YES;
				CLANG_WARN__DUPLICATE_METHOD_MATCH = YES;
				COPY_PHASE_STRIP = NO;
				DEBUG_INFORMATION_FORMAT = "dwarf-with-dsym";
				ENABLE_NS_ASSERTIONS = NO;
				ENABLE_STRICT_OBJC_MSGSEND = YES;
				GCC_C_LANGUAGE_STANDARD = gnu99;
				GCC_NO_COMMON_BLOCKS = YES;
				GCC_WARN_64_TO_32_BIT_CONVERSION = YES;
				GCC_WARN_ABOUT_RETURN_TYPE = YES_ERROR;
				GCC_WARN_UNDECLARED_SELECTOR = YES;
				GCC_WARN_UNINITIALIZED_AUTOS = YES_AGGRESSIVE;
				GCC_WARN_UNUSED_FUNCTION = YES;
				GCC_WARN_UNUSED_VARIABLE = YES;
				MTL_ENABLE_DEBUG_INFO = NO;
			};
			name = Release;
		};
		71BEB4841C37CC6100A56A92 /* Debug */ = {
			isa = XCBuildConfiguration;
			buildSettings = {
				COMBINE_HIDPI_IMAGES = YES;
				DEPLOYMENT_LOCATION = YES;
				DSTROOT = "$(HOME)";
				INFOPLIST_FILE = tteststts/Info.plist;
				INSTALL_PATH = "/Library/Application Support/Developer/Shared/Xcode/Plug-ins";
				MACOSX_DEPLOYMENT_TARGET = 10.10;
				PRODUCT_BUNDLE_IDENTIFIER = com.ray.waist.tteststts;
				PRODUCT_NAME = "$(TARGET_NAME)";
				WRAPPER_EXTENSION = xcplugin;
			};
			name = Debug;
		};
		71BEB4851C37CC6100A56A92 /* Release */ = {
			isa = XCBuildConfiguration;
			buildSettings = {
				COMBINE_HIDPI_IMAGES = YES;
				DEPLOYMENT_LOCATION = YES;
				DSTROOT = "$(HOME)";
				INFOPLIST_FILE = tteststts/Info.plist;
				INSTALL_PATH = "/Library/Application Support/Developer/Shared/Xcode/Plug-ins";
				MACOSX_DEPLOYMENT_TARGET = 10.10;
				PRODUCT_BUNDLE_IDENTIFIER = com.ray.waist.tteststts;
				PRODUCT_NAME = "$(TARGET_NAME)";
				WRAPPER_EXTENSION = xcplugin;
			};
			name = Release;
		};
/* End XCBuildConfiguration section */

/* Begin XCConfigurationList section */
		71BEB46A1C37CC6100A56A92 /* Build configuration list for PBXProject "tteststts" */ = {
			isa = XCConfigurationList;
			buildConfigurations = (
				71BEB4811C37CC6100A56A92 /* Debug */,
				71BEB4821C37CC6100A56A92 /* Release */,
			);
			defaultConfigurationIsVisible = 0;
			defaultConfigurationName = Release;
		};
		71BEB4831C37CC6100A56A92 /* Build configuration list for PBXNativeTarget "tteststts" */ = {
			isa = XCConfigurationList;
			buildConfigurations = (
				71BEB4841C37CC6100A56A92 /* Debug */,
				71BEB4851C37CC6100A56A92 /* Release */,
			);
			defaultConfigurationIsVisible = 0;
		};
/* End XCConfigurationList section */
	};
	rootObject = 71BEB4671C37CC6100A56A92 /* Project object */;
}
